
Microsoft Visual Studio Solution File, Format Version 12.00
# Visual Studio 15
VisualStudioVersion = 15.0.28307.572
MinimumVisualStudioVersion = 10.0.40219.1
Project("{FAE04EC0-301F-11D3-BF4B-00C04F79EFBC}") = "DaysOfCodeTwo", "DaysOfCodeTwo\DaysOfCodeTwo.csproj", "{246E2FCD-209C-4564-84C6-ED5B2157F838}"
EndProject
Project("{FAE04EC0-301F-11D3-BF4B-00C04F79EFBC}") = "Has12Tests", "Has12Tests\Has12Tests.csproj", "{F004E2E2-C75C-408A-BCED-7B116A720574}"
EndProject
Global
	GlobalSection(SolutionConfigurationPlatforms) = preSolution
		Debug|Any CPU = Debug|Any CPU
		Release|Any CPU = Release|Any CPU
	EndGlobalSection
	GlobalSection(ProjectConfigurationPlatforms) = postSolution
		{246E2FCD-209C-4564-84C6-ED5B2157F838}.Debug|Any CPU.ActiveCfg = Debug|Any CPU
		{246E2FCD-209C-4564-84C6-ED5B2157F838}.Debug|Any CPU.Build.0 = Debug|Any CPU
		{246E2FCD-209C-4564-84C6-ED5B2157F838}.Release|Any CPU.ActiveCfg = Release|Any CPU
		{246E2FCD-209C-4564-84C6-ED5B2157F838}.Release|Any CPU.Build.0 = Release|Any CPU
		{F004E2E2-C75C-408A-BCED-7B116A720574}.Debug|Any CPU.ActiveCfg = Debug|Any CPU
		{F004E2E2-C75C-408A-BCED-7B116A720574}.Debug|Any CPU.Build.0 = Debug|Any CPU
		{F004E2E2-C75C-408A-BCED-7B116A720574}.Release|Any CPU.ActiveCfg = Release|Any CPU
		{F004E2E2-C75C-408A-BCED-7B116A720574}.Release|Any CPU.Build.0 = Release|Any CPU
	EndGlobalSection
	GlobalSection(SolutionProperties) = preSolution
		HideSolutionNode = FALSE
	EndGlobalSection
	GlobalSection(ExtensibilityGlobals) = postSolution
		SolutionGuid = {0BAC726A-359B-40B5-8920-50F58E4FF4F1}
	EndGlobalSection
EndGlobal
